// !$*UTF8*$!
{
	archiveVersion = 1;
	classes = {
	};
	objectVersion = 50;
	objects = {

/* Begin PBXBuildFile section */
		1C5EE35F259645E800AD4AE5 /* NothingFoundCell.xib in Resources */ = {isa = PBXBuildFile; fileRef = 1C5EE35E259645E800AD4AE5 /* NothingFoundCell.xib */; };
		1CB761EC259B2409003F1FF6 /* LoadingCell.xib in Resources */ = {isa = PBXBuildFile; fileRef = 1CB761EB259B2409003F1FF6 /* LoadingCell.xib */; };
		1CC7BAC32594A7B600887E65 /* AppDelegate.swift in Sources */ = {isa = PBXBuildFile; fileRef = 1CC7BAC22594A7B600887E65 /* AppDelegate.swift */; };
		1CC7BAC52594A7B600887E65 /* SceneDelegate.swift in Sources */ = {isa = PBXBuildFile; fileRef = 1CC7BAC42594A7B600887E65 /* SceneDelegate.swift */; };
		1CC7BAC72594A7B600887E65 /* SearchViewController.swift in Sources */ = {isa = PBXBuildFile; fileRef = 1CC7BAC62594A7B600887E65 /* SearchViewController.swift */; };
		1CC7BACA2594A7B600887E65 /* Main.storyboard in Resources */ = {isa = PBXBuildFile; fileRef = 1CC7BAC82594A7B600887E65 /* Main.storyboard */; };
		1CC7BACC2594A7BB00887E65 /* Assets.xcassets in Resources */ = {isa = PBXBuildFile; fileRef = 1CC7BACB2594A7BB00887E65 /* Assets.xcassets */; };
		1CC7BACF2594A7BB00887E65 /* LaunchScreen.storyboard in Resources */ = {isa = PBXBuildFile; fileRef = 1CC7BACD2594A7BB00887E65 /* LaunchScreen.storyboard */; };
		1CD427CA2595E0E000C407EF /* SearchResult.swift in Sources */ = {isa = PBXBuildFile; fileRef = 1CD427C92595E0E000C407EF /* SearchResult.swift */; };
		1CD427CE259604D700C407EF /* SearchResultCell.xib in Resources */ = {isa = PBXBuildFile; fileRef = 1CD427CD259604D700C407EF /* SearchResultCell.xib */; };
		1CFDB70A2596160A001DD27A /* SearchResultCell.swift in Sources */ = {isa = PBXBuildFile; fileRef = 1CFDB7092596160A001DD27A /* SearchResultCell.swift */; };
/* End PBXBuildFile section */

/* Begin PBXFileReference section */
		1C5EE35E259645E800AD4AE5 /* NothingFoundCell.xib */ = {isa = PBXFileReference; lastKnownFileType = file.xib; path = NothingFoundCell.xib; sourceTree = "<group>"; };
		1CB761EB259B2409003F1FF6 /* LoadingCell.xib */ = {isa = PBXFileReference; lastKnownFileType = file.xib; path = LoadingCell.xib; sourceTree = "<group>"; };
		1CC7BABF2594A7B600887E65 /* storesearch.app */ = {isa = PBXFileReference; explicitFileType = wrapper.application; includeInIndex = 0; path = storesearch.app; sourceTree = BUILT_PRODUCTS_DIR; };
		1CC7BAC22594A7B600887E65 /* AppDelegate.swift */ = {isa = PBXFileReference; lastKnownFileType = sourcecode.swift; path = AppDelegate.swift; sourceTree = "<group>"; };
		1CC7BAC42594A7B600887E65 /* SceneDelegate.swift */ = {isa = PBXFileReference; lastKnownFileType = sourcecode.swift; path = SceneDelegate.swift; sourceTree = "<group>"; };
		1CC7BAC62594A7B600887E65 /* SearchViewController.swift */ = {isa = PBXFileReference; lastKnownFileType = sourcecode.swift; path = SearchViewController.swift; sourceTree = "<group>"; };
		1CC7BAC92594A7B600887E65 /* Base */ = {isa = PBXFileReference; lastKnownFileType = file.storyboard; name = Base; path = Base.lproj/Main.storyboard; sourceTree = "<group>"; };
		1CC7BACB2594A7BB00887E65 /* Assets.xcassets */ = {isa = PBXFileReference; lastKnownFileType = folder.assetcatalog; path = Assets.xcassets; sourceTree = "<group>"; };
		1CC7BACE2594A7BB00887E65 /* Base */ = {isa = PBXFileReference; lastKnownFileType = file.storyboard; name = Base; path = Base.lproj/LaunchScreen.storyboard; sourceTree = "<group>"; };
		1CC7BAD02594A7BB00887E65 /* Info.plist */ = {isa = PBXFileReference; lastKnownFileType = text.plist.xml; path = Info.plist; sourceTree = "<group>"; };
		1CD427C92595E0E000C407EF /* SearchResult.swift */ = {isa = PBXFileReference; lastKnownFileType = sourcecode.swift; path = SearchResult.swift; sourceTree = "<group>"; };
		1CD427CD259604D700C407EF /* SearchResultCell.xib */ = {isa = PBXFileReference; lastKnownFileType = file.xib; path = SearchResultCell.xib; sourceTree = "<group>"; };
		1CFDB7092596160A001DD27A /* SearchResultCell.swift */ = {isa = PBXFileReference; lastKnownFileType = sourcecode.swift; path = SearchResultCell.swift; sourceTree = "<group>"; };
/* End PBXFileReference section */

/* Begin PBXFrameworksBuildPhase section */
		1CC7BABC2594A7B600887E65 /* Frameworks */ = {
			isa = PBXFrameworksBuildPhase;
			buildActionMask = 2147483647;
			files = (
			);
			runOnlyForDeploymentPostprocessing = 0;
		};
/* End PBXFrameworksBuildPhase section */

/* Begin PBXGroup section */
		1C5728B8259A1B9C00A851C7 /* DataModel */ = {
			isa = PBXGroup;
			children = (
				1CD427C92595E0E000C407EF /* SearchResult.swift */,
			);
			path = DataModel;
			sourceTree = "<group>";
		};
		1C5728B9259A1BC700A851C7 /* ViewControllers */ = {
			isa = PBXGroup;
			children = (
				1CC7BAC62594A7B600887E65 /* SearchViewController.swift */,
			);
			path = ViewControllers;
			sourceTree = "<group>";
		};
		1C5728BA259A1BEC00A851C7 /* BasicResources */ = {
			isa = PBXGroup;
			children = (
				1CC7BAC22594A7B600887E65 /* AppDelegate.swift */,
				1CC7BAC42594A7B600887E65 /* SceneDelegate.swift */,
			);
			path = BasicResources;
			sourceTree = "<group>";
		};
		1C5728BB259A1C0400A851C7 /* UIModels */ = {
			isa = PBXGroup;
			children = (
				1CFDB7092596160A001DD27A /* SearchResultCell.swift */,
			);
			path = UIModels;
			sourceTree = "<group>";
		};
		1CC7BAB62594A7B600887E65 = {
			isa = PBXGroup;
			children = (
				1CC7BAC12594A7B600887E65 /* storesearch */,
				1CC7BAC02594A7B600887E65 /* Products */,
			);
			sourceTree = "<group>";
		};
		1CC7BAC02594A7B600887E65 /* Products */ = {
			isa = PBXGroup;
			children = (
				1CC7BABF2594A7B600887E65 /* storesearch.app */,
			);
			name = Products;
			sourceTree = "<group>";
		};
		1CC7BAC12594A7B600887E65 /* storesearch */ = {
			isa = PBXGroup;
			children = (
				1C5728BB259A1C0400A851C7 /* UIModels */,
				1C5728BA259A1BEC00A851C7 /* BasicResources */,
				1C5728B9259A1BC700A851C7 /* ViewControllers */,
				1C5728B8259A1B9C00A851C7 /* DataModel */,
				1CD427CD259604D700C407EF /* SearchResultCell.xib */,
				1C5EE35E259645E800AD4AE5 /* NothingFoundCell.xib */,
				1CB761EB259B2409003F1FF6 /* LoadingCell.xib */,
				1CC7BAC82594A7B600887E65 /* Main.storyboard */,
				1CC7BACB2594A7BB00887E65 /* Assets.xcassets */,
				1CC7BACD2594A7BB00887E65 /* LaunchScreen.storyboard */,
				1CC7BAD02594A7BB00887E65 /* Info.plist */,
			);
			path = storesearch;
			sourceTree = "<group>";
		};
/* End PBXGroup section */

/* Begin PBXNativeTarget section */
		1CC7BABE2594A7B600887E65 /* storesearch */ = {
			isa = PBXNativeTarget;
			buildConfigurationList = 1CC7BAD32594A7BB00887E65 /* Build configuration list for PBXNativeTarget "storesearch" */;
			buildPhases = (
				1CC7BABB2594A7B600887E65 /* Sources */,
				1CC7BABC2594A7B600887E65 /* Frameworks */,
				1CC7BABD2594A7B600887E65 /* Resources */,
			);
			buildRules = (
			);
			dependencies = (
			);
			name = storesearch;
			productName = storesearch;
			productReference = 1CC7BABF2594A7B600887E65 /* storesearch.app */;
			productType = "com.apple.product-type.application";
		};
/* End PBXNativeTarget section */

/* Begin PBXProject section */
		1CC7BAB72594A7B600887E65 /* Project object */ = {
			isa = PBXProject;
			attributes = {
				LastSwiftUpdateCheck = 1230;
				LastUpgradeCheck = 1230;
				TargetAttributes = {
					1CC7BABE2594A7B600887E65 = {
						CreatedOnToolsVersion = 12.3;
					};
				};
			};
			buildConfigurationList = 1CC7BABA2594A7B600887E65 /* Build configuration list for PBXProject "storesearch" */;
			compatibilityVersion = "Xcode 9.3";
			developmentRegion = en;
			hasScannedForEncodings = 0;
			knownRegions = (
				en,
				Base,
			);
			mainGroup = 1CC7BAB62594A7B600887E65;
			productRefGroup = 1CC7BAC02594A7B600887E65 /* Products */;
			projectDirPath = "";
			projectRoot = "";
			targets = (
				1CC7BABE2594A7B600887E65 /* storesearch */,
			);
		};
/* End PBXProject section */

/* Begin PBXResourcesBuildPhase section */
		1CC7BABD2594A7B600887E65 /* Resources */ = {
			isa = PBXResourcesBuildPhase;
			buildActionMask = 2147483647;
			files = (
				1CC7BACF2594A7BB00887E65 /* LaunchScreen.storyboard in Resources */,
				1CC7BACC2594A7BB00887E65 /* Assets.xcassets in Resources */,
				1CB761EC259B2409003F1FF6 /* LoadingCell.xib in Resources */,
				1CD427CE259604D700C407EF /* SearchResultCell.xib in Resources */,
				1C5EE35F259645E800AD4AE5 /* NothingFoundCell.xib in Resources */,
				1CC7BACA2594A7B600887E65 /* Main.storyboard in Resources */,
			);
			runOnlyForDeploymentPostprocessing = 0;
		};
/* End PBXResourcesBuildPhase section */

/* Begin PBXSourcesBuildPhase section */
		1CC7BABB2594A7B600887E65 /* Sources */ = {
			isa = PBXSourcesBuildPhase;
			buildActionMask = 2147483647;
			files = (
				1CC7BAC72594A7B600887E65 /* SearchViewController.swift in Sources */,
				1CC7BAC32594A7B600887E65 /* AppDelegate.swift in Sources */,
				1CD427CA2595E0E000C407EF /* SearchResult.swift in Sources */,
				1CC7BAC52594A7B600887E65 /* SceneDelegate.swift in Sources */,
				1CFDB70A2596160A001DD27A /* SearchResultCell.swift in Sources */,
			);
			runOnlyForDeploymentPostprocessing = 0;
		};
/* End PBXSourcesBuildPhase section */

/* Begin PBXVariantGroup section */
		1CC7BAC82594A7B600887E65 /* Main.storyboard */ = {
			isa = PBXVariantGroup;
			children = (
				1CC7BAC92594A7B600887E65 /* Base */,
			);
			name = Main.storyboard;
			sourceTree = "<group>";
		};
		1CC7BACD2594A7BB00887E65 /* LaunchScreen.storyboard */ = {
			isa = PBXVariantGroup;
			children = (
				1CC7BACE2594A7BB00887E65 /* Base */,
			);
			name = LaunchScreen.storyboard;
			sourceTree = "<group>";
		};
/* End PBXVariantGroup section */

/* Begin XCBuildConfiguration section */
		1CC7BAD12594A7BB00887E65 /* Debug */ = {
			isa = XCBuildConfiguration;
			buildSettings = {
				ALWAYS_SEARCH_USER_PATHS = NO;
				CLANG_ANALYZER_NONNULL = YES;
				CLANG_ANALYZER_NUMBER_OBJECT_CONVERSION = YES_AGGRESSIVE;
				CLANG_CXX_LANGUAGE_STANDARD = "gnu++14";
				CLANG_CXX_LIBRARY = "libc++";
				CLANG_ENABLE_MODULES = YES;
				CLANG_ENABLE_OBJC_ARC = YES;
				CLANG_ENABLE_OBJC_WEAK = YES;
				CLANG_WARN_BLOCK_CAPTURE_AUTORELEASING = YES;
				CLANG_WARN_BOOL_CONVERSION = YES;
				CLANG_WARN_COMMA = YES;
				CLANG_WARN_CONSTANT_CONVERSION = YES;
				CLANG_WARN_DEPRECATED_OBJC_IMPLEMENTATIONS = YES;
				CLANG_WARN_DIRECT_OBJC_ISA_USAGE = YES_ERROR;
				CLANG_WARN_DOCUMENTATION_COMMENTS = YES;
				CLANG_WARN_EMPTY_BODY = YES;
				CLANG_WARN_ENUM_CONVERSION = YES;
				CLANG_WARN_INFINITE_RECURSION = YES;
				CLANG_WARN_INT_CONVERSION = YES;
				CLANG_WARN_NON_LITERAL_NULL_CONVERSION = YES;
				CLANG_WARN_OBJC_IMPLICIT_RETAIN_SELF = YES;
				CLANG_WARN_OBJC_LITERAL_CONVERSION = YES;
				CLANG_WARN_OBJC_ROOT_CLASS = YES_ERROR;
				CLANG_WARN_QUOTED_INCLUDE_IN_FRAMEWORK_HEADER = YES;
				CLANG_WARN_RANGE_LOOP_ANALYSIS = YES;
				CLANG_WARN_STRICT_PROTOTYPES = YES;
				CLANG_WARN_SUSPICIOUS_MOVE = YES;
				CLANG_WARN_UNGUARDED_AVAILABILITY = YES_AGGRESSIVE;
				CLANG_WARN_UNREACHABLE_CODE = YES;
				CLANG_WARN__DUPLICATE_METHOD_MATCH = YES;
				COPY_PHASE_STRIP = NO;
				DEBUG_INFORMATION_FORMAT = dwarf;
				ENABLE_STRICT_OBJC_MSGSEND = YES;
				ENABLE_TESTABILITY = YES;
				GCC_C_LANGUAGE_STANDARD = gnu11;
				GCC_DYNAMIC_NO_PIC = NO;
				GCC_NO_COMMON_BLOCKS = YES;
				GCC_OPTIMIZATION_LEVEL = 0;
				GCC_PREPROCESSOR_DEFINITIONS = (
					"DEBUG=1",
					"$(inherited)",
				);
				GCC_WARN_64_TO_32_BIT_CONVERSION = YES;
				GCC_WARN_ABOUT_RETURN_TYPE = YES_ERROR;
				GCC_WARN_UNDECLARED_SELECTOR = YES;
				GCC_WARN_UNINITIALIZED_AUTOS = YES_AGGRESSIVE;
				GCC_WARN_UNUSED_FUNCTION = YES;
				GCC_WARN_UNUSED_VARIABLE = YES;
				IPHONEOS_DEPLOYMENT_TARGET = 14.0;
				MTL_ENABLE_DEBUG_INFO = INCLUDE_SOURCE;
				MTL_FAST_MATH = YES;
				ONLY_ACTIVE_ARCH = YES;
				SDKROOT = iphoneos;
				SWIFT_ACTIVE_COMPILATION_CONDITIONS = DEBUG;
				SWIFT_OPTIMIZATION_LEVEL = "-Onone";
			};
			name = Debug;
		};
		1CC7BAD22594A7BB00887E65 /* Release */ = {
			isa = XCBuildConfiguration;
			buildSettings = {
				ALWAYS_SEARCH_USER_PATHS = NO;
				CLANG_ANALYZER_NONNULL = YES;
				CLANG_ANALYZER_NUMBER_OBJECT_CONVERSION = YES_AGGRESSIVE;
				CLANG_CXX_LANGUAGE_STANDARD = "gnu++14";
				CLANG_CXX_LIBRARY = "libc++";
				CLANG_ENABLE_MODULES = YES;
				CLANG_ENABLE_OBJC_ARC = YES;
				CLANG_ENABLE_OBJC_WEAK = YES;
				CLANG_WARN_BLOCK_CAPTURE_AUTORELEASING = YES;
				CLANG_WARN_BOOL_CONVERSION = YES;
				CLANG_WARN_COMMA = YES;
				CLANG_WARN_CONSTANT_CONVERSION = YES;
				CLANG_WARN_DEPRECATED_OBJC_IMPLEMENTATIONS = YES;
				CLANG_WARN_DIRECT_OBJC_ISA_USAGE = YES_ERROR;
				CLANG_WARN_DOCUMENTATION_COMMENTS = YES;
				CLANG_WARN_EMPTY_BODY = YES;
				CLANG_WARN_ENUM_CONVERSION = YES;
				CLANG_WARN_INFINITE_RECURSION = YES;
				CLANG_WARN_INT_CONVERSION = YES;
				CLANG_WARN_NON_LITERAL_NULL_CONVERSION = YES;
				CLANG_WARN_OBJC_IMPLICIT_RETAIN_SELF = YES;
				CLANG_WARN_OBJC_LITERAL_CONVERSION = YES;
				CLANG_WARN_OBJC_ROOT_CLASS = YES_ERROR;
				CLANG_WARN_QUOTED_INCLUDE_IN_FRAMEWORK_HEADER = YES;
				CLANG_WARN_RANGE_LOOP_ANALYSIS = YES;
				CLANG_WARN_STRICT_PROTOTYPES = YES;
				CLANG_WARN_SUSPICIOUS_MOVE = YES;
				CLANG_WARN_UNGUARDED_AVAILABILITY = YES_AGGRESSIVE;
				CLANG_WARN_UNREACHABLE_CODE = YES;
				CLANG_WARN__DUPLICATE_METHOD_MATCH = YES;
				COPY_PHASE_STRIP = NO;
				DEBUG_INFORMATION_FORMAT = "dwarf-with-dsym";
				ENABLE_NS_ASSERTIONS = NO;
				ENABLE_STRICT_OBJC_MSGSEND = YES;
				GCC_C_LANGUAGE_STANDARD = gnu11;
				GCC_NO_COMMON_BLOCKS = YES;
				GCC_WARN_64_TO_32_BIT_CONVERSION = YES;
				GCC_WARN_ABOUT_RETURN_TYPE = YES_ERROR;
				GCC_WARN_UNDECLARED_SELECTOR = YES;
				GCC_WARN_UNINITIALIZED_AUTOS = YES_AGGRESSIVE;
				GCC_WARN_UNUSED_FUNCTION = YES;
				GCC_WARN_UNUSED_VARIABLE = YES;
				IPHONEOS_DEPLOYMENT_TARGET = 14.0;
				MTL_ENABLE_DEBUG_INFO = NO;
				MTL_FAST_MATH = YES;
				SDKROOT = iphoneos;
				SWIFT_COMPILATION_MODE = wholemodule;
				SWIFT_OPTIMIZATION_LEVEL = "-O";
				VALIDATE_PRODUCT = YES;
			};
			name = Release;
		};
		1CC7BAD42594A7BB00887E65 /* Debug */ = {
			isa = XCBuildConfiguration;
			buildSettings = {
				ASSETCATALOG_COMPILER_APPICON_NAME = AppIcon;
				ASSETCATALOG_COMPILER_GLOBAL_ACCENT_COLOR_NAME = AccentColor;
				CODE_SIGN_STYLE = Automatic;
				DEVELOPMENT_TEAM = WY29973PQ7;
				INFOPLIST_FILE = storesearch/Info.plist;
				LD_RUNPATH_SEARCH_PATHS = (
					"$(inherited)",
					"@executable_path/Frameworks",
				);
				PRODUCT_BUNDLE_IDENTIFIER = com.sos.storesearch.storesearch;
				PRODUCT_NAME = "$(TARGET_NAME)";
				SWIFT_VERSION = 5.0;
				TARGETED_DEVICE_FAMILY = "1,2";
			};
			name = Debug;
		};
		1CC7BAD52594A7BB00887E65 /* Release */ = {
			isa = XCBuildConfiguration;
			buildSettings = {
				ASSETCATALOG_COMPILER_APPICON_NAME = AppIcon;
				ASSETCATALOG_COMPILER_GLOBAL_ACCENT_COLOR_NAME = AccentColor;
				CODE_SIGN_STYLE = Automatic;
				DEVELOPMENT_TEAM = WY29973PQ7;
				INFOPLIST_FILE = storesearch/Info.plist;
				LD_RUNPATH_SEARCH_PATHS = (
					"$(inherited)",
					"@executable_path/Frameworks",
				);
				PRODUCT_BUNDLE_IDENTIFIER = com.sos.storesearch.storesearch;
				PRODUCT_NAME = "$(TARGET_NAME)";
				SWIFT_VERSION = 5.0;
				TARGETED_DEVICE_FAMILY = "1,2";
			};
			name = Release;
		};
/* End XCBuildConfiguration section */

/* Begin XCConfigurationList section */
		1CC7BABA2594A7B600887E65 /* Build configuration list for PBXProject "storesearch" */ = {
			isa = XCConfigurationList;
			buildConfigurations = (
				1CC7BAD12594A7BB00887E65 /* Debug */,
				1CC7BAD22594A7BB00887E65 /* Release */,
			);
			defaultConfigurationIsVisible = 0;
			defaultConfigurationName = Release;
		};
		1CC7BAD32594A7BB00887E65 /* Build configuration list for PBXNativeTarget "storesearch" */ = {
			isa = XCConfigurationList;
			buildConfigurations = (
				1CC7BAD42594A7BB00887E65 /* Debug */,
				1CC7BAD52594A7BB00887E65 /* Release */,
			);
			defaultConfigurationIsVisible = 0;
			defaultConfigurationName = Release;
		};
/* End XCConfigurationList section */
	};
	rootObject = 1CC7BAB72594A7B600887E65 /* Project object */;
}
